
Microsoft Visual Studio Solution File, Format Version 12.00
# Visual Studio Version 16
VisualStudioVersion = 16.0.29409.12
MinimumVisualStudioVersion = 10.0.40219.1
Project("{FAE04EC0-301F-11D3-BF4B-00C04F79EFBC}") = "MvcMovie2", "MvcMovie2\MvcMovie2.csproj", "{085C8713-AA81-4D0A-81EC-7DC9EB1F3CEC}"
EndProject
Global
	GlobalSection(SolutionConfigurationPlatforms) = preSolution
		Debug|Any CPU = Debug|Any CPU
		Release|Any CPU = Release|Any CPU
	EndGlobalSection
	GlobalSection(ProjectConfigurationPlatforms) = postSolution
		{085C8713-AA81-4D0A-81EC-7DC9EB1F3CEC}.Debug|Any CPU.ActiveCfg = Debug|Any CPU
		{085C8713-AA81-4D0A-81EC-7DC9EB1F3CEC}.Debug|Any CPU.Build.0 = Debug|Any CPU
		{085C8713-AA81-4D0A-81EC-7DC9EB1F3CEC}.Release|Any CPU.ActiveCfg = Release|Any CPU
		{085C8713-AA81-4D0A-81EC-7DC9EB1F3CEC}.Release|Any CPU.Build.0 = Release|Any CPU
	EndGlobalSection
	GlobalSection(SolutionProperties) = preSolution
		HideSolutionNode = FALSE
	EndGlobalSection
	GlobalSection(ExtensibilityGlobals) = postSolution
		SolutionGuid = {123E3D3B-86D2-45C6-90C6-13E8694B8612}
	EndGlobalSection
EndGlobal
